
Microsoft Visual Studio Solution File, Format Version 12.00
# Visual Studio Version 17
VisualStudioVersion = 17.5.002.0
MinimumVisualStudioVersion = 10.0.40219.1
Project("{9A19103F-16F7-4668-BE54-9A1E7A4F7556}") = "afipServices", "afipServices.csproj", "{63FD1FDC-AAA1-4580-912A-649D585594EE}"
EndProject
Global
	GlobalSection(SolutionConfigurationPlatforms) = preSolution
		Debug|Any CPU = Debug|Any CPU
		Release|Any CPU = Release|Any CPU
	EndGlobalSection
	GlobalSection(ProjectConfigurationPlatforms) = postSolution
		{63FD1FDC-AAA1-4580-912A-649D585594EE}.Debug|Any CPU.ActiveCfg = Debug|Any CPU
		{63FD1FDC-AAA1-4580-912A-649D585594EE}.Debug|Any CPU.Build.0 = Debug|Any CPU
		{63FD1FDC-AAA1-4580-912A-649D585594EE}.Release|Any CPU.ActiveCfg = Release|Any CPU
		{63FD1FDC-AAA1-4580-912A-649D585594EE}.Release|Any CPU.Build.0 = Release|Any CPU
	EndGlobalSection
	GlobalSection(SolutionProperties) = preSolution
		HideSolutionNode = FALSE
	EndGlobalSection
	GlobalSection(ExtensibilityGlobals) = postSolution
		SolutionGuid = {E707783F-8143-4966-83F4-D6D2A7DA218D}
	EndGlobalSection
EndGlobal
